
Microsoft Visual Studio Solution File, Format Version 12.00
# Visual Studio Version 16
VisualStudioVersion = 16.0.29230.47
MinimumVisualStudioVersion = 10.0.40219.1
Project("{888888A0-9F3D-457C-B088-3A5042F75D52}") = "IotListLabbar", "IotListLabbar\IotListLabbar.pyproj", "{C5E66545-9393-45FB-A48C-D29DE387DE08}"
EndProject
Global
	GlobalSection(SolutionConfigurationPlatforms) = preSolution
		Debug|Any CPU = Debug|Any CPU
		Release|Any CPU = Release|Any CPU
	EndGlobalSection
	GlobalSection(ProjectConfigurationPlatforms) = postSolution
		{C5E66545-9393-45FB-A48C-D29DE387DE08}.Debug|Any CPU.ActiveCfg = Debug|Any CPU
		{C5E66545-9393-45FB-A48C-D29DE387DE08}.Release|Any CPU.ActiveCfg = Release|Any CPU
	EndGlobalSection
	GlobalSection(SolutionProperties) = preSolution
		HideSolutionNode = FALSE
	EndGlobalSection
	GlobalSection(ExtensibilityGlobals) = postSolution
		SolutionGuid = {433CDA7D-5850-4917-8FFD-C8D66E4DD7A9}
	EndGlobalSection
EndGlobal
